id: a
label: MODULADOR AM
category: '[modulos_G2]'

parameters:
-   id: Ac
    label: amplitud portadora
    dtype: real
    default: '1'
    hide: none
-   id: ka
    label: coeficiente ka
    dtype: real
    default: '1'
    hide: none

inputs:
-   label: m(t)
    dtype: float
    vlen: 1

outputs:
-   label: s(t)
    dtype: complex
    vlen: 1

templates:
    imports: 'from a import a  # grc-generated hier_block'
    make: "a(\n    Ac=${ Ac },\n    ka=${ ka },\n)"
    callbacks:
    - set_Ac(${ Ac })
    - set_ka(${ ka })

documentation: /home/labcomu/.gnuradio/a.py
grc_source: /home/labcomu/Escritorio/MODULO.grc

file_format: 1
